
Microsoft Visual Studio Solution File, Format Version 12.00
# Visual Studio Version 17
VisualStudioVersion = 17.2.32616.157
MinimumVisualStudioVersion = 10.0.40219.1
Project("{9A19103F-16F7-4668-BE54-9A1E7A4F7556}") = "Business", "Business\Business.csproj", "{AF02D582-7E66-4AE6-B8DE-2DD72F86CA1F}"
EndProject
Project("{9A19103F-16F7-4668-BE54-9A1E7A4F7556}") = "DataAccess", "DataAccess\DataAccess.csproj", "{2399E923-E9FE-41EC-8571-710948707092}"
EndProject
Project("{9A19103F-16F7-4668-BE54-9A1E7A4F7556}") = "WebUI", "WebUI\WebUI.csproj", "{8A00C5A0-D31C-469D-9218-343FC4CC8E97}"
EndProject
Global
	GlobalSection(SolutionConfigurationPlatforms) = preSolution
		Debug|Any CPU = Debug|Any CPU
		Release|Any CPU = Release|Any CPU
	EndGlobalSection
	GlobalSection(ProjectConfigurationPlatforms) = postSolution
		{AF02D582-7E66-4AE6-B8DE-2DD72F86CA1F}.Debug|Any CPU.ActiveCfg = Debug|Any CPU
		{AF02D582-7E66-4AE6-B8DE-2DD72F86CA1F}.Debug|Any CPU.Build.0 = Debug|Any CPU
		{AF02D582-7E66-4AE6-B8DE-2DD72F86CA1F}.Release|Any CPU.ActiveCfg = Release|Any CPU
		{AF02D582-7E66-4AE6-B8DE-2DD72F86CA1F}.Release|Any CPU.Build.0 = Release|Any CPU
		{2399E923-E9FE-41EC-8571-710948707092}.Debug|Any CPU.ActiveCfg = Debug|Any CPU
		{2399E923-E9FE-41EC-8571-710948707092}.Debug|Any CPU.Build.0 = Debug|Any CPU
		{2399E923-E9FE-41EC-8571-710948707092}.Release|Any CPU.ActiveCfg = Release|Any CPU
		{2399E923-E9FE-41EC-8571-710948707092}.Release|Any CPU.Build.0 = Release|Any CPU
		{8A00C5A0-D31C-469D-9218-343FC4CC8E97}.Debug|Any CPU.ActiveCfg = Debug|Any CPU
		{8A00C5A0-D31C-469D-9218-343FC4CC8E97}.Debug|Any CPU.Build.0 = Debug|Any CPU
		{8A00C5A0-D31C-469D-9218-343FC4CC8E97}.Release|Any CPU.ActiveCfg = Release|Any CPU
		{8A00C5A0-D31C-469D-9218-343FC4CC8E97}.Release|Any CPU.Build.0 = Release|Any CPU
	EndGlobalSection
	GlobalSection(SolutionProperties) = preSolution
		HideSolutionNode = FALSE
	EndGlobalSection
	GlobalSection(ExtensibilityGlobals) = postSolution
		SolutionGuid = {959271DB-A992-49C2-A045-C188CA4329F5}
	EndGlobalSection
EndGlobal
